
Microsoft Visual Studio Solution File, Format Version 12.00
# Visual Studio Version 17
VisualStudioVersion = 17.0.31903.59
MinimumVisualStudioVersion = 10.0.40219.1
Project("{9A19103F-16F7-4668-BE54-9A1E7A4F7556}") = "Solution", "Solution\Solution.csproj", "{61EA7430-8402-4F82-A89A-413AF9C88C79}"
EndProject
Project("{2150E333-8FDC-42A3-9474-1A3956D46DE8}") = "tests", "tests", "{1429644C-39EF-4F2C-B768-B6055B90AE2D}"
EndProject
Project("{9A19103F-16F7-4668-BE54-9A1E7A4F7556}") = "Solution.Tests", "Solution.Tests\Solution.Tests.csproj", "{C8756D87-348C-403A-8036-AACA7854DC1B}"
EndProject
Project("{2150E333-8FDC-42A3-9474-1A3956D46DE8}") = "Solution Items", "Solution Items", "{220DB758-CB77-4EF9-B634-E9B503D9B6C6}"
	ProjectSection(SolutionItems) = preProject
		.editorconfig = .editorconfig
	EndProjectSection
EndProject
Global
	GlobalSection(SolutionConfigurationPlatforms) = preSolution
		Debug|Any CPU = Debug|Any CPU
		Release|Any CPU = Release|Any CPU
	EndGlobalSection
	GlobalSection(ProjectConfigurationPlatforms) = postSolution
		{61EA7430-8402-4F82-A89A-413AF9C88C79}.Debug|Any CPU.ActiveCfg = Debug|Any CPU
		{61EA7430-8402-4F82-A89A-413AF9C88C79}.Debug|Any CPU.Build.0 = Debug|Any CPU
		{61EA7430-8402-4F82-A89A-413AF9C88C79}.Release|Any CPU.ActiveCfg = Release|Any CPU
		{61EA7430-8402-4F82-A89A-413AF9C88C79}.Release|Any CPU.Build.0 = Release|Any CPU
		{C8756D87-348C-403A-8036-AACA7854DC1B}.Debug|Any CPU.ActiveCfg = Debug|Any CPU
		{C8756D87-348C-403A-8036-AACA7854DC1B}.Debug|Any CPU.Build.0 = Debug|Any CPU
		{C8756D87-348C-403A-8036-AACA7854DC1B}.Release|Any CPU.ActiveCfg = Release|Any CPU
		{C8756D87-348C-403A-8036-AACA7854DC1B}.Release|Any CPU.Build.0 = Release|Any CPU
	EndGlobalSection
	GlobalSection(SolutionProperties) = preSolution
		HideSolutionNode = FALSE
	EndGlobalSection
	GlobalSection(NestedProjects) = preSolution
		{C8756D87-348C-403A-8036-AACA7854DC1B} = {1429644C-39EF-4F2C-B768-B6055B90AE2D}
	EndGlobalSection
	GlobalSection(ExtensibilityGlobals) = postSolution
		SolutionGuid = {F30F367A-CE15-42C6-83EA-D2C58045369D}
	EndGlobalSection
EndGlobal
